
Microsoft Visual Studio Solution File, Format Version 12.00
# Visual Studio Version 17
VisualStudioVersion = 17.7.34031.279
MinimumVisualStudioVersion = 10.0.40219.1
Project("{2150E333-8FDC-42A3-9474-1A3956D46DE8}") = "Backend", "Backend", "{1D7962C6-BE7E-423A-ACDE-BBE54B08DF0F}"
EndProject
Project("{2150E333-8FDC-42A3-9474-1A3956D46DE8}") = "Application", "Application", "{53E43656-C827-403A-9B9B-BA3D65C1E7CD}"
EndProject
Project("{2150E333-8FDC-42A3-9474-1A3956D46DE8}") = "Data", "Data", "{B9DFC98D-B8EE-444D-93B4-B30F107D95D5}"
EndProject
Project("{2150E333-8FDC-42A3-9474-1A3956D46DE8}") = "Business", "Business", "{5622F77E-7896-44EB-9871-A94ECAD02D3E}"
EndProject
Project("{9A19103F-16F7-4668-BE54-9A1E7A4F7556}") = "ApiBooksManagement", "Application\ApiBooksManagement\ApiBooksManagement.csproj", "{48FFE4B4-00D6-49ED-8E3D-8805BD6E601B}"
EndProject
Project("{9A19103F-16F7-4668-BE54-9A1E7A4F7556}") = "DataEntity", "Data\DataEntity\DataEntity.csproj", "{3DC3593F-EC1B-4573-970F-C77B1E7AF77E}"
EndProject
Project("{9A19103F-16F7-4668-BE54-9A1E7A4F7556}") = "DataContext", "Data\DataContext\DataContext.csproj", "{4E6A43D9-5C16-4AFB-916D-2CED8DCCDE9E}"
EndProject
Project("{9A19103F-16F7-4668-BE54-9A1E7A4F7556}") = "DataContextContract", "Data\DataContextContract\DataContextContract.csproj", "{36228718-59D0-45DB-9A15-D7404D60D157}"
EndProject
Project("{9A19103F-16F7-4668-BE54-9A1E7A4F7556}") = "DataRepository", "Data\DataRepository\DataRepository.csproj", "{78432CDC-AFF8-43F3-AE9D-6B7DA550507D}"
EndProject
Project("{9A19103F-16F7-4668-BE54-9A1E7A4F7556}") = "DataRepositoryContract", "Data\DataRepositoryContract\DataRepositoryContract.csproj", "{45FAE497-D925-401F-BDBE-51C3A9428331}"
EndProject
Project("{2150E333-8FDC-42A3-9474-1A3956D46DE8}") = "Éléments de solution", "Éléments de solution", "{F215CC99-6A4A-414B-9233-441EBDAE7695}"
	ProjectSection(SolutionItems) = preProject
		README.md = README.md
	EndProjectSection
EndProject
Project("{FAE04EC0-301F-11D3-BF4B-00C04F79EFBC}") = "BusinessService", "Business\BusinessService\BusinessService.csproj", "{E99DB8A3-19AC-4738-82B0-F2E86AA3575F}"
EndProject
Project("{FAE04EC0-301F-11D3-BF4B-00C04F79EFBC}") = "BusinessServiceContract", "Business\BusinessServiceContract\BusinessServiceContract.csproj", "{7E5D0808-B84D-4C04-9E66-513FE9C0FAF3}"
EndProject
Project("{FAE04EC0-301F-11D3-BF4B-00C04F79EFBC}") = "BusinessModel", "Business\BusinessModel\BusinessModel.csproj", "{F27F1574-744A-4565-A21B-CA986B8C123E}"
EndProject
Project("{FAE04EC0-301F-11D3-BF4B-00C04F79EFBC}") = "BusinessMapper", "Business\BusinessMapper\BusinessMapper.csproj", "{BC092A38-9FBC-41F9-B599-CFB42D7BD6D8}"
EndProject
Global
	GlobalSection(SolutionConfigurationPlatforms) = preSolution
		Debug|Any CPU = Debug|Any CPU
		Release|Any CPU = Release|Any CPU
	EndGlobalSection
	GlobalSection(ProjectConfigurationPlatforms) = postSolution
		{48FFE4B4-00D6-49ED-8E3D-8805BD6E601B}.Debug|Any CPU.ActiveCfg = Debug|Any CPU
		{48FFE4B4-00D6-49ED-8E3D-8805BD6E601B}.Debug|Any CPU.Build.0 = Debug|Any CPU
		{48FFE4B4-00D6-49ED-8E3D-8805BD6E601B}.Release|Any CPU.ActiveCfg = Release|Any CPU
		{48FFE4B4-00D6-49ED-8E3D-8805BD6E601B}.Release|Any CPU.Build.0 = Release|Any CPU
		{3DC3593F-EC1B-4573-970F-C77B1E7AF77E}.Debug|Any CPU.ActiveCfg = Debug|Any CPU
		{3DC3593F-EC1B-4573-970F-C77B1E7AF77E}.Debug|Any CPU.Build.0 = Debug|Any CPU
		{3DC3593F-EC1B-4573-970F-C77B1E7AF77E}.Release|Any CPU.ActiveCfg = Release|Any CPU
		{3DC3593F-EC1B-4573-970F-C77B1E7AF77E}.Release|Any CPU.Build.0 = Release|Any CPU
		{4E6A43D9-5C16-4AFB-916D-2CED8DCCDE9E}.Debug|Any CPU.ActiveCfg = Debug|Any CPU
		{4E6A43D9-5C16-4AFB-916D-2CED8DCCDE9E}.Debug|Any CPU.Build.0 = Debug|Any CPU
		{4E6A43D9-5C16-4AFB-916D-2CED8DCCDE9E}.Release|Any CPU.ActiveCfg = Release|Any CPU
		{4E6A43D9-5C16-4AFB-916D-2CED8DCCDE9E}.Release|Any CPU.Build.0 = Release|Any CPU
		{36228718-59D0-45DB-9A15-D7404D60D157}.Debug|Any CPU.ActiveCfg = Debug|Any CPU
		{36228718-59D0-45DB-9A15-D7404D60D157}.Debug|Any CPU.Build.0 = Debug|Any CPU
		{36228718-59D0-45DB-9A15-D7404D60D157}.Release|Any CPU.ActiveCfg = Release|Any CPU
		{36228718-59D0-45DB-9A15-D7404D60D157}.Release|Any CPU.Build.0 = Release|Any CPU
		{78432CDC-AFF8-43F3-AE9D-6B7DA550507D}.Debug|Any CPU.ActiveCfg = Debug|Any CPU
		{78432CDC-AFF8-43F3-AE9D-6B7DA550507D}.Debug|Any CPU.Build.0 = Debug|Any CPU
		{78432CDC-AFF8-43F3-AE9D-6B7DA550507D}.Release|Any CPU.ActiveCfg = Release|Any CPU
		{78432CDC-AFF8-43F3-AE9D-6B7DA550507D}.Release|Any CPU.Build.0 = Release|Any CPU
		{45FAE497-D925-401F-BDBE-51C3A9428331}.Debug|Any CPU.ActiveCfg = Debug|Any CPU
		{45FAE497-D925-401F-BDBE-51C3A9428331}.Debug|Any CPU.Build.0 = Debug|Any CPU
		{45FAE497-D925-401F-BDBE-51C3A9428331}.Release|Any CPU.ActiveCfg = Release|Any CPU
		{45FAE497-D925-401F-BDBE-51C3A9428331}.Release|Any CPU.Build.0 = Release|Any CPU
		{E99DB8A3-19AC-4738-82B0-F2E86AA3575F}.Debug|Any CPU.ActiveCfg = Debug|Any CPU
		{E99DB8A3-19AC-4738-82B0-F2E86AA3575F}.Debug|Any CPU.Build.0 = Debug|Any CPU
		{E99DB8A3-19AC-4738-82B0-F2E86AA3575F}.Release|Any CPU.ActiveCfg = Release|Any CPU
		{E99DB8A3-19AC-4738-82B0-F2E86AA3575F}.Release|Any CPU.Build.0 = Release|Any CPU
		{7E5D0808-B84D-4C04-9E66-513FE9C0FAF3}.Debug|Any CPU.ActiveCfg = Debug|Any CPU
		{7E5D0808-B84D-4C04-9E66-513FE9C0FAF3}.Debug|Any CPU.Build.0 = Debug|Any CPU
		{7E5D0808-B84D-4C04-9E66-513FE9C0FAF3}.Release|Any CPU.ActiveCfg = Release|Any CPU
		{7E5D0808-B84D-4C04-9E66-513FE9C0FAF3}.Release|Any CPU.Build.0 = Release|Any CPU
		{F27F1574-744A-4565-A21B-CA986B8C123E}.Debug|Any CPU.ActiveCfg = Debug|Any CPU
		{F27F1574-744A-4565-A21B-CA986B8C123E}.Debug|Any CPU.Build.0 = Debug|Any CPU
		{F27F1574-744A-4565-A21B-CA986B8C123E}.Release|Any CPU.ActiveCfg = Release|Any CPU
		{F27F1574-744A-4565-A21B-CA986B8C123E}.Release|Any CPU.Build.0 = Release|Any CPU
		{BC092A38-9FBC-41F9-B599-CFB42D7BD6D8}.Debug|Any CPU.ActiveCfg = Debug|Any CPU
		{BC092A38-9FBC-41F9-B599-CFB42D7BD6D8}.Debug|Any CPU.Build.0 = Debug|Any CPU
		{BC092A38-9FBC-41F9-B599-CFB42D7BD6D8}.Release|Any CPU.ActiveCfg = Release|Any CPU
		{BC092A38-9FBC-41F9-B599-CFB42D7BD6D8}.Release|Any CPU.Build.0 = Release|Any CPU
	EndGlobalSection
	GlobalSection(SolutionProperties) = preSolution
		HideSolutionNode = FALSE
	EndGlobalSection
	GlobalSection(NestedProjects) = preSolution
		{53E43656-C827-403A-9B9B-BA3D65C1E7CD} = {1D7962C6-BE7E-423A-ACDE-BBE54B08DF0F}
		{B9DFC98D-B8EE-444D-93B4-B30F107D95D5} = {1D7962C6-BE7E-423A-ACDE-BBE54B08DF0F}
		{5622F77E-7896-44EB-9871-A94ECAD02D3E} = {1D7962C6-BE7E-423A-ACDE-BBE54B08DF0F}
		{48FFE4B4-00D6-49ED-8E3D-8805BD6E601B} = {53E43656-C827-403A-9B9B-BA3D65C1E7CD}
		{3DC3593F-EC1B-4573-970F-C77B1E7AF77E} = {B9DFC98D-B8EE-444D-93B4-B30F107D95D5}
		{4E6A43D9-5C16-4AFB-916D-2CED8DCCDE9E} = {B9DFC98D-B8EE-444D-93B4-B30F107D95D5}
		{36228718-59D0-45DB-9A15-D7404D60D157} = {B9DFC98D-B8EE-444D-93B4-B30F107D95D5}
		{78432CDC-AFF8-43F3-AE9D-6B7DA550507D} = {B9DFC98D-B8EE-444D-93B4-B30F107D95D5}
		{45FAE497-D925-401F-BDBE-51C3A9428331} = {B9DFC98D-B8EE-444D-93B4-B30F107D95D5}
		{E99DB8A3-19AC-4738-82B0-F2E86AA3575F} = {5622F77E-7896-44EB-9871-A94ECAD02D3E}
		{7E5D0808-B84D-4C04-9E66-513FE9C0FAF3} = {5622F77E-7896-44EB-9871-A94ECAD02D3E}
		{F27F1574-744A-4565-A21B-CA986B8C123E} = {5622F77E-7896-44EB-9871-A94ECAD02D3E}
		{BC092A38-9FBC-41F9-B599-CFB42D7BD6D8} = {5622F77E-7896-44EB-9871-A94ECAD02D3E}
	EndGlobalSection
	GlobalSection(ExtensibilityGlobals) = postSolution
		SolutionGuid = {B002BF12-F6FD-432C-A583-B0ACEBACFC38}
	EndGlobalSection
EndGlobal
